{
	"name": "ThirtyDemosOfReactNative",
	"version": "0.0.1",
	"lockfileVersion": 1,
	"requires": true,
	"dependencies": {
		"react-native-maps": {
			"version": "0.18.1",
			"resolved": "http://registry.npm.taobao.org/react-native-maps/download/react-native-maps-0.18.1.tgz",
			"integrity": "sha1-StNwMw/7AshzxyAgtvwpM1nvFtw="
		}
	}
}
